
Microsoft Visual Studio Solution File, Format Version 12.00
# Visual Studio Version 17
VisualStudioVersion = 17.7.34018.315
MinimumVisualStudioVersion = 10.0.40219.1
Project("{FAE04EC0-301F-11D3-BF4B-00C04F79EFBC}") = "awsGateway", "awsGateway.csproj", "{B2FD0F39-69C2-40D9-A36D-DDE1F5CEB29B}"
EndProject
Global
	GlobalSection(SolutionConfigurationPlatforms) = preSolution
		Debug|Any CPU = Debug|Any CPU
		Release|Any CPU = Release|Any CPU
	EndGlobalSection
	GlobalSection(ProjectConfigurationPlatforms) = postSolution
		{B2FD0F39-69C2-40D9-A36D-DDE1F5CEB29B}.Debug|Any CPU.ActiveCfg = Debug|Any CPU
		{B2FD0F39-69C2-40D9-A36D-DDE1F5CEB29B}.Debug|Any CPU.Build.0 = Debug|Any CPU
		{B2FD0F39-69C2-40D9-A36D-DDE1F5CEB29B}.Release|Any CPU.ActiveCfg = Release|Any CPU
		{B2FD0F39-69C2-40D9-A36D-DDE1F5CEB29B}.Release|Any CPU.Build.0 = Release|Any CPU
	EndGlobalSection
	GlobalSection(SolutionProperties) = preSolution
		HideSolutionNode = FALSE
	EndGlobalSection
	GlobalSection(ExtensibilityGlobals) = postSolution
		SolutionGuid = {EDD96995-C330-4213-9449-261657A9A687}
	EndGlobalSection
EndGlobal
